{
  "name": "@js-omar/create-ts-project",
  "version": "1.0.0",
  "lockfileVersion": 2,
  "requires": true,
  "packages": {
    "": {
      "name": "@js-omar/create-ts-project",
      "version": "1.0.0",
      "license": "MIT",
      "bin": {
        "create-ts-project": "bin/index.js"
      }
    }
  }
}
